# THIS IS AN AUTOGENERATED FILE. DO NOT EDIT THIS FILE DIRECTLY.
# yarn lockfile v1


"async@^1.5.2":
  "integrity" "sha512-nSVgobk4rv61R9PUSDtYt7mPVB2olxNR5RWJcAsH676/ef11bUZwvu7+RGYrYauVdDPcO519v68wRhXQtxsV9w=="
  "resolved" "https://registry.npmjs.org/async/-/async-1.5.2.tgz"
  "version" "1.5.2"

"colors@1.0.3":
  "integrity" "sha512-pFGrxThWcWQ2MsAz6RtgeWe4NK2kUE1WfsrvvlctdII745EW9I0yflqhe7++M5LEc7bV2c/9/5zc8sFcpL0Drw=="
  "resolved" "https://registry.npmjs.org/colors/-/colors-1.0.3.tgz"
  "version" "1.0.3"

"corser@~2.0.0":
  "integrity" "sha512-utCYNzRSQIZNPIcGZdQc92UVJYAhtGAteCFg0yRaFm8f0P+CPtyGyHXJcGXnffjCybUCEx3FQ2G7U3/o9eIkVQ=="
  "resolved" "https://registry.npmjs.org/corser/-/corser-2.0.1.tgz"
  "version" "2.0.1"

"debug@^2.2.0":
  "integrity" "sha512-bC7ElrdJaJnPbAP+1EotYvqZsb3ecl5wi6Bfi6BJTUcNowp6cvspg0jXznRTKDjm/E7AdgFBVeAPVMNcKGsHMA=="
  "resolved" "https://registry.npmjs.org/debug/-/debug-2.6.9.tgz"
  "version" "2.6.9"
  dependencies:
    "ms" "2.0.0"

"ecstatic@^3.0.0":
  "integrity" "sha512-BAdHx9LOCG1fwxY8MIydUBskl8UUQrYeC3WE14FA1DPlBzqoG1aOgEkypcSpmiiel8RAj8gW1s40RrclfrpGUg=="
  "resolved" "https://registry.npmjs.org/ecstatic/-/ecstatic-3.2.1.tgz"
  "version" "3.2.1"
  dependencies:
    "he" "^1.1.1"
    "mime" "^1.6.0"
    "minimist" "^1.1.0"
    "url-join" "^2.0.5"

"eventemitter3@^4.0.0":
  "integrity" "sha512-8guHBZCwKnFhYdHr2ysuRWErTwhoN2X8XELRlrRwpmfeY2jjuUN4taQMsULKUVo1K4DvZl+0pgfyoysHxvmvEw=="
  "resolved" "https://registry.npmjs.org/eventemitter3/-/eventemitter3-4.0.7.tgz"
  "version" "4.0.7"

"follow-redirects@^1.0.0":
  "integrity" "sha512-aq6gF1BEKje4a9i9+5jimNFIpq4Q1WiwBToeRK5NvZBd/TRsmW8BsJfOEGkr76TbOyPVD3OVDN910EcUNtRYEA=="
  "resolved" "https://registry.npmjs.org/follow-redirects/-/follow-redirects-1.13.0.tgz"
  "version" "1.13.0"

"he@^1.1.1":
  "integrity" "sha512-z/GDPjlRMNOa2XJiB4em8wJpuuBfrFOlYKTZxtpkdr1uPdibHI8rYA3MY0KDObpVyaes0e/aunid/t88ZI2EKA=="
  "resolved" "https://registry.npmjs.org/he/-/he-1.1.1.tgz"
  "version" "1.1.1"

"http-proxy@^1.8.1":
  "integrity" "sha512-7mz/721AbnJwIVbnaSv1Cz3Am0ZLT/UBwkC92VlxhXv/k/BBQfM2fXElQNC27BVGr0uwUpplYPQM9LnaBMR5NQ=="
  "resolved" "https://registry.npmjs.org/http-proxy/-/http-proxy-1.18.1.tgz"
  "version" "1.18.1"
  dependencies:
    "eventemitter3" "^4.0.0"
    "follow-redirects" "^1.0.0"
    "requires-port" "^1.0.0"

"http-server@^0.11.1":
  "integrity" "sha512-6JeGDGoujJLmhjiRGlt8yK8Z9Kl0vnl/dQoQZlc4oeqaUoAKQg94NILLfrY3oWzSyFaQCVNTcKE5PZ3cH8VP9w=="
  "resolved" "https://registry.npmjs.org/http-server/-/http-server-0.11.1.tgz"
  "version" "0.11.1"
  dependencies:
    "colors" "1.0.3"
    "corser" "~2.0.0"
    "ecstatic" "^3.0.0"
    "http-proxy" "^1.8.1"
    "opener" "~1.4.0"
    "optimist" "0.6.x"
    "portfinder" "^1.0.13"
    "union" "~0.4.3"

"mime@^1.6.0":
  "integrity" "sha512-x0Vn8spI+wuJ1O6S7gnbaQg8Pxh4NNHb7KSINmEWKiPE4RKOplvijn+NkmYmmRgP68mc70j2EbeTFRsrswaQeg=="
  "resolved" "https://registry.npmjs.org/mime/-/mime-1.6.0.tgz"
  "version" "1.6.0"

"minimist@^1.1.0":
  "integrity" "sha512-7Wl+Jz+IGWuSdgsQEJ4JunV0si/iMhg42MnQQG6h1R6TNeVenp4U9x5CC5v/gYqz/fENLQITAWXidNtVL0NNbw=="
  "resolved" "https://registry.npmjs.org/minimist/-/minimist-1.2.0.tgz"
  "version" "1.2.0"

"minimist@~0.0.1":
  "integrity" "sha512-iotkTvxc+TwOm5Ieim8VnSNvCDjCK9S8G3scJ50ZthspSxa7jx50jkhYduuAtAjvfDUwSgOwf8+If99AlOEhyw=="
  "resolved" "https://registry.npmjs.org/minimist/-/minimist-0.0.10.tgz"
  "version" "0.0.10"

"minimist@0.0.8":
  "integrity" "sha512-miQKw5Hv4NS1Psg2517mV4e4dYNaO3++hjAvLOAzKqZ61rH8NS1SK+vbfBWZ5PY/Me/bEWhUwqMghEW5Fb9T7Q=="
  "resolved" "https://registry.npmjs.org/minimist/-/minimist-0.0.8.tgz"
  "version" "0.0.8"

"mkdirp@0.5.x":
  "integrity" "sha512-SknJC52obPfGQPnjIkXbmA6+5H15E+fR+E4iR2oQ3zzCLbd7/ONua69R/Gw7AgkTLsRG+r5fzksYwWe1AgTyWA=="
  "resolved" "https://registry.npmjs.org/mkdirp/-/mkdirp-0.5.1.tgz"
  "version" "0.5.1"
  dependencies:
    "minimist" "0.0.8"

"ms@2.0.0":
  "integrity" "sha512-Tpp60P6IUJDTuOq/5Z8cdskzJujfwqfOTkrwIwj7IRISpnkJnT6SyJ4PCPnGMoFjC9ddhal5KVIYtAt97ix05A=="
  "resolved" "https://registry.npmjs.org/ms/-/ms-2.0.0.tgz"
  "version" "2.0.0"

"opener@~1.4.0":
  "integrity" "sha512-4Im9TrPJcjAYyGR5gBe3yZnBzw5n3Bfh1ceHHGNOpMurINKc6RdSIPXMyon4BZacJbJc36lLkhipioGbWh5pwg=="
  "resolved" "https://registry.npmjs.org/opener/-/opener-1.4.3.tgz"
  "version" "1.4.3"

"optimist@0.6.x":
  "integrity" "sha512-snN4O4TkigujZphWLN0E//nQmm7790RYaE53DdL7ZYwee2D8DDo9/EyYiKUfN3rneWUjhJnueija3G9I2i0h3g=="
  "resolved" "https://registry.npmjs.org/optimist/-/optimist-0.6.1.tgz"
  "version" "0.6.1"
  dependencies:
    "minimist" "~0.0.1"
    "wordwrap" "~0.0.2"

"portfinder@^1.0.13":
  "integrity" "sha512-ULY4nnWaco7FwsQh6V0Gm0wTvMcCAT3GIsadt8Gqrrc4XJSXkC9XLHzAE1oMAtVS68jnrAjDypYfVPVP1JeTmA=="
  "resolved" "https://registry.npmjs.org/portfinder/-/portfinder-1.0.13.tgz"
  "version" "1.0.13"
  dependencies:
    "async" "^1.5.2"
    "debug" "^2.2.0"
    "mkdirp" "0.5.x"

"qs@~2.3.3":
  "integrity" "sha512-f5M0HQqZWkzU8GELTY8LyMrGkr3bPjKoFtTkwUEqJQbcljbeK8M7mliP9Ia2xoOI6oMerp+QPS7oYJtpGmWe/A=="
  "resolved" "https://registry.npmjs.org/qs/-/qs-2.3.3.tgz"
  "version" "2.3.3"

"requires-port@^1.0.0":
  "integrity" "sha512-KigOCHcocU3XODJxsu8i/j8T9tzT4adHiecwORRQ0ZZFcp7ahwXuRU1m+yuO90C5ZUyGeGfocHDI14M3L3yDAQ=="
  "resolved" "https://registry.npmjs.org/requires-port/-/requires-port-1.0.0.tgz"
  "version" "1.0.0"

"union@~0.4.3":
  "integrity" "sha512-2qtrvSgD0GKotLRCNYkIMUOzoaHjXKCtbAP0kc5Po6D+RWTBb+BxlcHlHCYcf+Y+YM7eQicPgAg9mnWQvtoFVA=="
  "resolved" "https://registry.npmjs.org/union/-/union-0.4.6.tgz"
  "version" "0.4.6"
  dependencies:
    "qs" "~2.3.3"

"url-join@^2.0.5":
  "integrity" "sha512-c2H1fIgpUdwFRIru9HFno5DT73Ok8hg5oOb5AT3ayIgvCRfxgs2jyt5Slw8kEB7j3QUr6yJmMPDT/odjk7jXow=="
  "resolved" "https://registry.npmjs.org/url-join/-/url-join-2.0.5.tgz"
  "version" "2.0.5"

"wordwrap@~0.0.2":
  "integrity" "sha512-1tMA907+V4QmxV7dbRvb4/8MaRALK6q9Abid3ndMYnbyo8piisCmeONVqVSXqQA3KaP4SLt5b7ud6E2sqP8TFw=="
  "resolved" "https://registry.npmjs.org/wordwrap/-/wordwrap-0.0.3.tgz"
  "version" "0.0.3"
